
Microsoft Visual Studio Solution File, Format Version 12.00
# Visual Studio 15
VisualStudioVersion = 15.0.27428.2015
MinimumVisualStudioVersion = 10.0.40219.1
Project("{8BC9CEB8-8B4A-11D0-8D11-00A0C91BC942}") = "Zad_1", "Zad_1\Zad_1.vcxproj", "{2EC8DBB8-AB4B-4968-AE19-9A574D030D6A}"
EndProject
Project("{8BC9CEB8-8B4A-11D0-8D11-00A0C91BC942}") = "Zad_2", "Zad_2\Zad_2.vcxproj", "{03D63BA9-8157-4E82-8F76-604809610F08}"
EndProject
Global
	GlobalSection(SolutionConfigurationPlatforms) = preSolution
		Debug|x64 = Debug|x64
		Debug|x86 = Debug|x86
		Release|x64 = Release|x64
		Release|x86 = Release|x86
	EndGlobalSection
	GlobalSection(ProjectConfigurationPlatforms) = postSolution
		{2EC8DBB8-AB4B-4968-AE19-9A574D030D6A}.Debug|x64.ActiveCfg = Debug|x64
		{2EC8DBB8-AB4B-4968-AE19-9A574D030D6A}.Debug|x64.Build.0 = Debug|x64
		{2EC8DBB8-AB4B-4968-AE19-9A574D030D6A}.Debug|x86.ActiveCfg = Debug|Win32
		{2EC8DBB8-AB4B-4968-AE19-9A574D030D6A}.Debug|x86.Build.0 = Debug|Win32
		{2EC8DBB8-AB4B-4968-AE19-9A574D030D6A}.Release|x64.ActiveCfg = Release|x64
		{2EC8DBB8-AB4B-4968-AE19-9A574D030D6A}.Release|x64.Build.0 = Release|x64
		{2EC8DBB8-AB4B-4968-AE19-9A574D030D6A}.Release|x86.ActiveCfg = Release|Win32
		{2EC8DBB8-AB4B-4968-AE19-9A574D030D6A}.Release|x86.Build.0 = Release|Win32
		{03D63BA9-8157-4E82-8F76-604809610F08}.Debug|x64.ActiveCfg = Debug|x64
		{03D63BA9-8157-4E82-8F76-604809610F08}.Debug|x64.Build.0 = Debug|x64
		{03D63BA9-8157-4E82-8F76-604809610F08}.Debug|x86.ActiveCfg = Debug|Win32
		{03D63BA9-8157-4E82-8F76-604809610F08}.Debug|x86.Build.0 = Debug|Win32
		{03D63BA9-8157-4E82-8F76-604809610F08}.Release|x64.ActiveCfg = Release|x64
		{03D63BA9-8157-4E82-8F76-604809610F08}.Release|x64.Build.0 = Release|x64
		{03D63BA9-8157-4E82-8F76-604809610F08}.Release|x86.ActiveCfg = Release|Win32
		{03D63BA9-8157-4E82-8F76-604809610F08}.Release|x86.Build.0 = Release|Win32
	EndGlobalSection
	GlobalSection(SolutionProperties) = preSolution
		HideSolutionNode = FALSE
	EndGlobalSection
	GlobalSection(ExtensibilityGlobals) = postSolution
		SolutionGuid = {B2264754-5D2D-4D5A-980D-7E59AF95B747}
	EndGlobalSection
EndGlobal
